# This file was autogenerated by Stack.
# You should not edit this file by hand.
# For more information, please see the documentation at:
#   https://docs.haskellstack.org/en/stable/lock_files

packages:
- completed:
    hackage: aeson-2.2.1.0@sha256:a23a61aada8233e10573e1612c0b2efe5a1aba0d59b05dbe2f63301822f136cb,6582
    pantry-tree:
      sha256: 8a50c54b9ecba80ecc3df3ea67faa4d155d6f6a6b3e342c74f3e6b0dcdc87e13
      size: 83518
  original:
    hackage: aeson-2.2.1.0
- completed:
    hackage: airgql-0.7.1.2@sha256:43e5f5d98391b4515a71489498a1a60e9e3baef6a7e23e74d3e45ef8ba3c5c92,6971
    pantry-tree:
      sha256: 3fbb535a536df207b8c3173c95406deaebf5cf931566cc79442b5fec3cefdd28
      size: 1722
  original:
    hackage: airgql-0.7.1.2
- completed:
    hackage: double-x-encoding-1.2.1@sha256:9dfc5a74ad82f507a5adeeddc7e32545cde04d11716fc44cd9bd2160bb38fb4c,1813
    pantry-tree:
      sha256: 9d0d9316d3da245a690dabecee9fb1797a10e09344758e9b8e7f7cb2728b5c04
      size: 237
  original:
    hackage: double-x-encoding-1.2.1
- completed:
    hackage: fuzzily-0.2.0.0@sha256:72f456227a467ebbf9ecd4b052a594127ec1b6d1ac7a0fca5d4d3bfd7fb96410,1796
    pantry-tree:
      sha256: 39e897ab6b8b3d660dc6033d9d4f7eaa2c4bcede7caf80e76dd0770cd0aef8ce
      size: 319
  original:
    hackage: fuzzily-0.2.0.0
- completed:
    hackage: graphql-spice-1.0.2.0@sha256:97d22da8ec38342408bcd237e91e76ffcdad4f14df666f62b0b1ccba6bf39b87,2000
    pantry-tree:
      sha256: d60774d462c7c0af08c82b3f754e0ac49e598640e382c417e1809880192747cb
      size: 937
  original:
    hackage: graphql-spice-1.0.2.0
- completed:
    name: simple-sql-parser
    pantry-tree:
      sha256: a7f399e93b6cb3056e43702b57ecda1a6a86dfdbeca4361ae3d2d27518ba4fe7
      size: 3846
    sha256: 5731c4471e011dede78b8f1d8812dd5eeb1c79024307f0b03f1855f9028e43e0
    size: 137333
    url: https://github.com/Airsequel/simple-sql-parser/archive/680f2b77c53fcc086dc7d5f498f764ad2235b828.tar.gz
    version: 0.6.1
  original:
    url: https://github.com/Airsequel/simple-sql-parser/archive/680f2b77c53fcc086dc7d5f498f764ad2235b828.tar.gz
- completed:
    name: iso8601-duration
    pantry-tree:
      sha256: 7aec9c9ad262d3354d5eef475cdaff22fa60eba1303c480e67b33e84c31fad2c
      size: 722
    sha256: 883399c89b887becc644c045431f336009927ab950cc8b5d0ea7016473ac3dda
    size: 6507
    url: https://github.com/meteogrid/iso8601-duration/archive/9524d1f02775be1d6c73165c4b4d62a19c8b7698.tar.gz
    version: 0.1.2.0
  original:
    url: https://github.com/meteogrid/iso8601-duration/archive/9524d1f02775be1d6c73165c4b4d62a19c8b7698.tar.gz
snapshots:
- completed:
    sha256: e5cac927cf7ccbd52aa41476baa68b88c564ee6ddc3bc573dbf4210069287fe7
    size: 713340
    url: https://raw.githubusercontent.com/commercialhaskell/stackage-snapshots/master/lts/22/19.yaml
  original: lts-22.19
