# This file was autogenerated by Stack.
# You should not edit this file by hand.
# For more information, please see the documentation at:
#   https://docs.haskellstack.org/en/stable/lock_files

packages:
- completed:
    hackage: simple-sql-parser-0.6.0@sha256:ce8f602fa81001287deb25af7b711fc45e1cdf36ff7702edde5dee2358f19a37,5580
    pantry-tree:
      sha256: cd333c976b4b12425d0eed28749884551a4595dd249cc6d6b75c34e4ce7688cc
      size: 2752
  original:
    hackage: simple-sql-parser-0.6.0
- completed:
    name: iso8601-duration
    pantry-tree:
      sha256: dd24cbdc13e4aa8ae25125ad3fece2ea910ecb5fd0af4c31fce39d26aaa7930e
      size: 724
    sha256: 2645e7337c863d1dc7aa68ca79be6ca8efc79b508ad575336335d2d7cb7d5fca
    size: 7309
    url: https://github.com/ad-si/iso8601-duration/archive/15822155a51831fbcd75a3bb5cb608a731a0461b.tar.gz
    version: 0.1.2.0
  original:
    url: https://github.com/ad-si/iso8601-duration/archive/15822155a51831fbcd75a3bb5cb608a731a0461b.tar.gz
snapshots:
- completed:
    sha256: 6f0bea3ba5b07360f25bc886e8cff8d847767557a492a6f7f6dcb06e3cc79ee9
    size: 712905
    url: https://raw.githubusercontent.com/commercialhaskell/stackage-snapshots/master/lts/22/13.yaml
  original: lts-22.13
